
Microsoft Visual Studio Solution File, Format Version 12.00
# Visual Studio Version 17
VisualStudioVersion = 17.4.33110.190
MinimumVisualStudioVersion = 10.0.40219.1
Project("{FAE04EC0-301F-11D3-BF4B-00C04F79EFBC}") = "recherche_des_doublons_dans_un_texte", "recherche_des_doublons_dans_un_texte\recherche_des_doublons_dans_un_texte.csproj", "{AB31C387-B384-48E8-8084-943048319C9B}"
EndProject
Global
	GlobalSection(SolutionConfigurationPlatforms) = preSolution
		Debug|Any CPU = Debug|Any CPU
		Release|Any CPU = Release|Any CPU
	EndGlobalSection
	GlobalSection(ProjectConfigurationPlatforms) = postSolution
		{AB31C387-B384-48E8-8084-943048319C9B}.Debug|Any CPU.ActiveCfg = Debug|Any CPU
		{AB31C387-B384-48E8-8084-943048319C9B}.Debug|Any CPU.Build.0 = Debug|Any CPU
		{AB31C387-B384-48E8-8084-943048319C9B}.Release|Any CPU.ActiveCfg = Release|Any CPU
		{AB31C387-B384-48E8-8084-943048319C9B}.Release|Any CPU.Build.0 = Release|Any CPU
	EndGlobalSection
	GlobalSection(SolutionProperties) = preSolution
		HideSolutionNode = FALSE
	EndGlobalSection
	GlobalSection(ExtensibilityGlobals) = postSolution
		SolutionGuid = {0B4C475F-5D65-4233-BC40-4BCA6D7CDD13}
	EndGlobalSection
EndGlobal
